
Microsoft Visual Studio Solution File, Format Version 12.00
# Visual Studio Version 17
VisualStudioVersion = 17.3.32819.101
MinimumVisualStudioVersion = 10.0.40219.1
Project("{9A19103F-16F7-4668-BE54-9A1E7A4F7556}") = "Software.IP.Trace", "Software.IP.Trace\Software.IP.Trace.csproj", "{34551C35-43EB-4B2E-B092-8FDC3DC345A0}"
EndProject
Project("{2150E333-8FDC-42A3-9474-1A3956D46DE8}") = "Solution Items", "Solution Items", "{5CEAA6FB-3E5B-4882-BF77-8171ACEAC17A}"
	ProjectSection(SolutionItems) = preProject
		README.md = README.md
	EndProjectSection
EndProject
Project("{9A19103F-16F7-4668-BE54-9A1E7A4F7556}") = "Software.IP.Trace.IoC", "Software.IP.Trace.IoC\Software.IP.Trace.IoC.csproj", "{1E680698-9887-4C86-BF5F-D0B472202E6F}"
EndProject
Project("{9A19103F-16F7-4668-BE54-9A1E7A4F7556}") = "Software.IP.Trace.Services", "Software.IP.Trace.Services\Software.IP.Trace.Services.csproj", "{A5CD9799-EA69-4BF8-9D73-D343AC568BDE}"
EndProject
Project("{9A19103F-16F7-4668-BE54-9A1E7A4F7556}") = "Software.IP.Trace.Model", "Software.IP.Trace.Model\Software.IP.Trace.Model.csproj", "{1E8C67D6-3586-4173-A5C3-27D31D1E442E}"
EndProject
Global
	GlobalSection(SolutionConfigurationPlatforms) = preSolution
		Debug|Any CPU = Debug|Any CPU
		Release|Any CPU = Release|Any CPU
	EndGlobalSection
	GlobalSection(ProjectConfigurationPlatforms) = postSolution
		{34551C35-43EB-4B2E-B092-8FDC3DC345A0}.Debug|Any CPU.ActiveCfg = Debug|Any CPU
		{34551C35-43EB-4B2E-B092-8FDC3DC345A0}.Debug|Any CPU.Build.0 = Debug|Any CPU
		{34551C35-43EB-4B2E-B092-8FDC3DC345A0}.Release|Any CPU.ActiveCfg = Release|Any CPU
		{34551C35-43EB-4B2E-B092-8FDC3DC345A0}.Release|Any CPU.Build.0 = Release|Any CPU
		{1E680698-9887-4C86-BF5F-D0B472202E6F}.Debug|Any CPU.ActiveCfg = Debug|Any CPU
		{1E680698-9887-4C86-BF5F-D0B472202E6F}.Debug|Any CPU.Build.0 = Debug|Any CPU
		{1E680698-9887-4C86-BF5F-D0B472202E6F}.Release|Any CPU.ActiveCfg = Release|Any CPU
		{1E680698-9887-4C86-BF5F-D0B472202E6F}.Release|Any CPU.Build.0 = Release|Any CPU
		{A5CD9799-EA69-4BF8-9D73-D343AC568BDE}.Debug|Any CPU.ActiveCfg = Debug|Any CPU
		{A5CD9799-EA69-4BF8-9D73-D343AC568BDE}.Debug|Any CPU.Build.0 = Debug|Any CPU
		{A5CD9799-EA69-4BF8-9D73-D343AC568BDE}.Release|Any CPU.ActiveCfg = Release|Any CPU
		{A5CD9799-EA69-4BF8-9D73-D343AC568BDE}.Release|Any CPU.Build.0 = Release|Any CPU
		{1E8C67D6-3586-4173-A5C3-27D31D1E442E}.Debug|Any CPU.ActiveCfg = Debug|Any CPU
		{1E8C67D6-3586-4173-A5C3-27D31D1E442E}.Debug|Any CPU.Build.0 = Debug|Any CPU
		{1E8C67D6-3586-4173-A5C3-27D31D1E442E}.Release|Any CPU.ActiveCfg = Release|Any CPU
		{1E8C67D6-3586-4173-A5C3-27D31D1E442E}.Release|Any CPU.Build.0 = Release|Any CPU
	EndGlobalSection
	GlobalSection(SolutionProperties) = preSolution
		HideSolutionNode = FALSE
	EndGlobalSection
	GlobalSection(ExtensibilityGlobals) = postSolution
		SolutionGuid = {C481786D-8F6C-4DF9-8F11-94D51B0BCCA1}
	EndGlobalSection
EndGlobal
